
Microsoft Visual Studio Solution File, Format Version 12.00
# Visual Studio Version 17
VisualStudioVersion = 17.2.32616.157
MinimumVisualStudioVersion = 10.0.40219.1
Project("{9A19103F-16F7-4668-BE54-9A1E7A4F7556}") = "PostgresCRUD", "PostgresCRUD\PostgresCRUD.csproj", "{5D39E69A-FEF0-42F2-8B38-9306C4C7A15A}"
EndProject
Project("{2150E333-8FDC-42A3-9474-1A3956D46DE8}") = "Solution Items", "Solution Items", "{A9904106-E307-4D62-B688-7343940A1CC0}"
	ProjectSection(SolutionItems) = preProject
		.editorconfig = .editorconfig
	EndProjectSection
EndProject
Global
	GlobalSection(SolutionConfigurationPlatforms) = preSolution
		Debug|Any CPU = Debug|Any CPU
		Release|Any CPU = Release|Any CPU
	EndGlobalSection
	GlobalSection(ProjectConfigurationPlatforms) = postSolution
		{5D39E69A-FEF0-42F2-8B38-9306C4C7A15A}.Debug|Any CPU.ActiveCfg = Debug|Any CPU
		{5D39E69A-FEF0-42F2-8B38-9306C4C7A15A}.Debug|Any CPU.Build.0 = Debug|Any CPU
		{5D39E69A-FEF0-42F2-8B38-9306C4C7A15A}.Release|Any CPU.ActiveCfg = Release|Any CPU
		{5D39E69A-FEF0-42F2-8B38-9306C4C7A15A}.Release|Any CPU.Build.0 = Release|Any CPU
	EndGlobalSection
	GlobalSection(SolutionProperties) = preSolution
		HideSolutionNode = FALSE
	EndGlobalSection
	GlobalSection(ExtensibilityGlobals) = postSolution
		SolutionGuid = {476BB149-B111-45F1-A0D3-D8AF8FCA27C5}
	EndGlobalSection
EndGlobal
